
Microsoft Visual Studio Solution File, Format Version 12.00
# Visual Studio Version 17
VisualStudioVersion = 17.9.34728.123
MinimumVisualStudioVersion = 10.0.40219.1
Project("{9A19103F-16F7-4668-BE54-9A1E7A4F7556}") = "08. OnTimeForTheExam", "08. OnTimeForTheExam\08. OnTimeForTheExam.csproj", "{6CE6A160-4304-4D06-B6D1-60B64C14F396}"
EndProject
Project("{9A19103F-16F7-4668-BE54-9A1E7A4F7556}") = "01. Cinema", "01. Cinema\01. Cinema.csproj", "{FD93A54B-1968-473B-BEC7-C8A8E0FC15C8}"
EndProject
Project("{9A19103F-16F7-4668-BE54-9A1E7A4F7556}") = "02. SummerOutfit", "02. SummerOutfit\02. SummerOutfit.csproj", "{10212429-8BCD-4C32-8BF3-780CACD23289}"
EndProject
Project("{9A19103F-16F7-4668-BE54-9A1E7A4F7556}") = "03. NewHouse", "03. NewHouse\03. NewHouse.csproj", "{569DB417-287F-46C5-946E-38EE52849198}"
EndProject
Project("{9A19103F-16F7-4668-BE54-9A1E7A4F7556}") = "04. FishingBoat", "04. FishingBoat\04. FishingBoat.csproj", "{709A57B8-9AA0-4B87-9368-EDB6A4F281AB}"
EndProject
Project("{9A19103F-16F7-4668-BE54-9A1E7A4F7556}") = "05. Journey", "05. Journey\05. Journey.csproj", "{BA69D43C-9F80-4DE8-BC75-0FE8124551AA}"
EndProject
Project("{9A19103F-16F7-4668-BE54-9A1E7A4F7556}") = "06. OperationsBetweenNumbers", "06. OperationsBetweenNumbers\06. OperationsBetweenNumbers.csproj", "{1E12CD8A-6338-422F-AD8F-2FD92697B517}"
EndProject
Project("{9A19103F-16F7-4668-BE54-9A1E7A4F7556}") = "07. HotelRoom", "07. HotelRoom\07. HotelRoom.csproj", "{3A580871-6F83-4FB9-AE9D-8139209BD413}"
EndProject
Project("{FAE04EC0-301F-11D3-BF4B-00C04F79EFBC}") = "09. SkiТrip", "09. SkiТrip\09. SkiТrip.csproj", "{E23B646C-66DD-49F5-8ED7-E64213537FFF}"
EndProject
Global
	GlobalSection(SolutionConfigurationPlatforms) = preSolution
		Debug|Any CPU = Debug|Any CPU
		Release|Any CPU = Release|Any CPU
	EndGlobalSection
	GlobalSection(ProjectConfigurationPlatforms) = postSolution
		{6CE6A160-4304-4D06-B6D1-60B64C14F396}.Debug|Any CPU.ActiveCfg = Debug|Any CPU
		{6CE6A160-4304-4D06-B6D1-60B64C14F396}.Debug|Any CPU.Build.0 = Debug|Any CPU
		{6CE6A160-4304-4D06-B6D1-60B64C14F396}.Release|Any CPU.ActiveCfg = Release|Any CPU
		{6CE6A160-4304-4D06-B6D1-60B64C14F396}.Release|Any CPU.Build.0 = Release|Any CPU
		{FD93A54B-1968-473B-BEC7-C8A8E0FC15C8}.Debug|Any CPU.ActiveCfg = Debug|Any CPU
		{FD93A54B-1968-473B-BEC7-C8A8E0FC15C8}.Debug|Any CPU.Build.0 = Debug|Any CPU
		{FD93A54B-1968-473B-BEC7-C8A8E0FC15C8}.Release|Any CPU.ActiveCfg = Release|Any CPU
		{FD93A54B-1968-473B-BEC7-C8A8E0FC15C8}.Release|Any CPU.Build.0 = Release|Any CPU
		{10212429-8BCD-4C32-8BF3-780CACD23289}.Debug|Any CPU.ActiveCfg = Debug|Any CPU
		{10212429-8BCD-4C32-8BF3-780CACD23289}.Debug|Any CPU.Build.0 = Debug|Any CPU
		{10212429-8BCD-4C32-8BF3-780CACD23289}.Release|Any CPU.ActiveCfg = Release|Any CPU
		{10212429-8BCD-4C32-8BF3-780CACD23289}.Release|Any CPU.Build.0 = Release|Any CPU
		{569DB417-287F-46C5-946E-38EE52849198}.Debug|Any CPU.ActiveCfg = Debug|Any CPU
		{569DB417-287F-46C5-946E-38EE52849198}.Debug|Any CPU.Build.0 = Debug|Any CPU
		{569DB417-287F-46C5-946E-38EE52849198}.Release|Any CPU.ActiveCfg = Release|Any CPU
		{569DB417-287F-46C5-946E-38EE52849198}.Release|Any CPU.Build.0 = Release|Any CPU
		{709A57B8-9AA0-4B87-9368-EDB6A4F281AB}.Debug|Any CPU.ActiveCfg = Debug|Any CPU
		{709A57B8-9AA0-4B87-9368-EDB6A4F281AB}.Debug|Any CPU.Build.0 = Debug|Any CPU
		{709A57B8-9AA0-4B87-9368-EDB6A4F281AB}.Release|Any CPU.ActiveCfg = Release|Any CPU
		{709A57B8-9AA0-4B87-9368-EDB6A4F281AB}.Release|Any CPU.Build.0 = Release|Any CPU
		{BA69D43C-9F80-4DE8-BC75-0FE8124551AA}.Debug|Any CPU.ActiveCfg = Debug|Any CPU
		{BA69D43C-9F80-4DE8-BC75-0FE8124551AA}.Debug|Any CPU.Build.0 = Debug|Any CPU
		{BA69D43C-9F80-4DE8-BC75-0FE8124551AA}.Release|Any CPU.ActiveCfg = Release|Any CPU
		{BA69D43C-9F80-4DE8-BC75-0FE8124551AA}.Release|Any CPU.Build.0 = Release|Any CPU
		{1E12CD8A-6338-422F-AD8F-2FD92697B517}.Debug|Any CPU.ActiveCfg = Debug|Any CPU
		{1E12CD8A-6338-422F-AD8F-2FD92697B517}.Debug|Any CPU.Build.0 = Debug|Any CPU
		{1E12CD8A-6338-422F-AD8F-2FD92697B517}.Release|Any CPU.ActiveCfg = Release|Any CPU
		{1E12CD8A-6338-422F-AD8F-2FD92697B517}.Release|Any CPU.Build.0 = Release|Any CPU
		{3A580871-6F83-4FB9-AE9D-8139209BD413}.Debug|Any CPU.ActiveCfg = Debug|Any CPU
		{3A580871-6F83-4FB9-AE9D-8139209BD413}.Debug|Any CPU.Build.0 = Debug|Any CPU
		{3A580871-6F83-4FB9-AE9D-8139209BD413}.Release|Any CPU.ActiveCfg = Release|Any CPU
		{3A580871-6F83-4FB9-AE9D-8139209BD413}.Release|Any CPU.Build.0 = Release|Any CPU
		{E23B646C-66DD-49F5-8ED7-E64213537FFF}.Debug|Any CPU.ActiveCfg = Debug|Any CPU
		{E23B646C-66DD-49F5-8ED7-E64213537FFF}.Debug|Any CPU.Build.0 = Debug|Any CPU
		{E23B646C-66DD-49F5-8ED7-E64213537FFF}.Release|Any CPU.ActiveCfg = Release|Any CPU
		{E23B646C-66DD-49F5-8ED7-E64213537FFF}.Release|Any CPU.Build.0 = Release|Any CPU
	EndGlobalSection
	GlobalSection(SolutionProperties) = preSolution
		HideSolutionNode = FALSE
	EndGlobalSection
	GlobalSection(ExtensibilityGlobals) = postSolution
		SolutionGuid = {1C600C4D-2249-4C3D-BE20-75951307E952}
	EndGlobalSection
EndGlobal
