
Microsoft Visual Studio Solution File, Format Version 12.00
# Visual Studio Version 17
VisualStudioVersion = 17.9.34728.123
MinimumVisualStudioVersion = 10.0.40219.1
Project("{FAE04EC0-301F-11D3-BF4B-00C04F79EFBC}") = "01. NumbersFrom1To100", "NumbersFrom1To100\01. NumbersFrom1To100.csproj", "{F60B3B1E-A55A-4DD3-8965-BA1F22BCEFE3}"
EndProject
Project("{FAE04EC0-301F-11D3-BF4B-00C04F79EFBC}") = "02. NumbersNto1", "02. NumbersNto1\02. NumbersNto1.csproj", "{F49F40CF-DAE3-46B9-BD85-A0CEB6266C4A}"
EndProject
Project("{FAE04EC0-301F-11D3-BF4B-00C04F79EFBC}") = "03. Numbers1nWithStep3", "03. Numbers1nWithStep3\03. Numbers1nWithStep3.csproj", "{B3B38744-5E32-42EF-860C-79F546062537}"
EndProject
Project("{FAE04EC0-301F-11D3-BF4B-00C04F79EFBC}") = "04. EvenPowersOf2", "04. EvenPowersOf2\04. EvenPowersOf2.csproj", "{2835C2FA-E7D1-45C9-9756-1CA2C9D586F2}"
EndProject
Project("{FAE04EC0-301F-11D3-BF4B-00C04F79EFBC}") = "05. 05. CharacterSequence", "05. 05. CharacterSequence\05. 05. CharacterSequence.csproj", "{F610197B-4F21-408D-B4D9-C424D08F39D0}"
EndProject
Project("{FAE04EC0-301F-11D3-BF4B-00C04F79EFBC}") = "06.  VowelsSum", "06.  VowelsSum\06.  VowelsSum.csproj", "{F8573DB4-671E-454E-B585-BC3AEEE07400}"
EndProject
Project("{FAE04EC0-301F-11D3-BF4B-00C04F79EFBC}") = "07. SumNumbers", "07. SumNumbers\07. SumNumbers.csproj", "{834EBBDD-BE39-4693-9720-DFA5A9FA2DE5}"
EndProject
Project("{FAE04EC0-301F-11D3-BF4B-00C04F79EFBC}") = "08. NumberSequence", "08. NumberSequence\08. NumberSequence.csproj", "{EE3F0F02-1283-4966-9BA5-0E01A354EA9F}"
EndProject
Project("{FAE04EC0-301F-11D3-BF4B-00C04F79EFBC}") = "09. LeftAndRightSum", "09. LeftAndRightSum\09. LeftAndRightSum.csproj", "{88B40EDC-B1D9-4084-B89B-FDA1C6B7569E}"
EndProject
Project("{FAE04EC0-301F-11D3-BF4B-00C04F79EFBC}") = "10. OddEvenSum", "10. OddEvenSum\10. OddEvenSum.csproj", "{396DAFE2-40EA-4BB6-88BB-7125B6B5F9F8}"
EndProject
Global
	GlobalSection(SolutionConfigurationPlatforms) = preSolution
		Debug|Any CPU = Debug|Any CPU
		Release|Any CPU = Release|Any CPU
	EndGlobalSection
	GlobalSection(ProjectConfigurationPlatforms) = postSolution
		{F60B3B1E-A55A-4DD3-8965-BA1F22BCEFE3}.Debug|Any CPU.ActiveCfg = Debug|Any CPU
		{F60B3B1E-A55A-4DD3-8965-BA1F22BCEFE3}.Debug|Any CPU.Build.0 = Debug|Any CPU
		{F60B3B1E-A55A-4DD3-8965-BA1F22BCEFE3}.Release|Any CPU.ActiveCfg = Release|Any CPU
		{F60B3B1E-A55A-4DD3-8965-BA1F22BCEFE3}.Release|Any CPU.Build.0 = Release|Any CPU
		{F49F40CF-DAE3-46B9-BD85-A0CEB6266C4A}.Debug|Any CPU.ActiveCfg = Debug|Any CPU
		{F49F40CF-DAE3-46B9-BD85-A0CEB6266C4A}.Debug|Any CPU.Build.0 = Debug|Any CPU
		{F49F40CF-DAE3-46B9-BD85-A0CEB6266C4A}.Release|Any CPU.ActiveCfg = Release|Any CPU
		{F49F40CF-DAE3-46B9-BD85-A0CEB6266C4A}.Release|Any CPU.Build.0 = Release|Any CPU
		{B3B38744-5E32-42EF-860C-79F546062537}.Debug|Any CPU.ActiveCfg = Debug|Any CPU
		{B3B38744-5E32-42EF-860C-79F546062537}.Debug|Any CPU.Build.0 = Debug|Any CPU
		{B3B38744-5E32-42EF-860C-79F546062537}.Release|Any CPU.ActiveCfg = Release|Any CPU
		{B3B38744-5E32-42EF-860C-79F546062537}.Release|Any CPU.Build.0 = Release|Any CPU
		{2835C2FA-E7D1-45C9-9756-1CA2C9D586F2}.Debug|Any CPU.ActiveCfg = Debug|Any CPU
		{2835C2FA-E7D1-45C9-9756-1CA2C9D586F2}.Debug|Any CPU.Build.0 = Debug|Any CPU
		{2835C2FA-E7D1-45C9-9756-1CA2C9D586F2}.Release|Any CPU.ActiveCfg = Release|Any CPU
		{2835C2FA-E7D1-45C9-9756-1CA2C9D586F2}.Release|Any CPU.Build.0 = Release|Any CPU
		{F610197B-4F21-408D-B4D9-C424D08F39D0}.Debug|Any CPU.ActiveCfg = Debug|Any CPU
		{F610197B-4F21-408D-B4D9-C424D08F39D0}.Debug|Any CPU.Build.0 = Debug|Any CPU
		{F610197B-4F21-408D-B4D9-C424D08F39D0}.Release|Any CPU.ActiveCfg = Release|Any CPU
		{F610197B-4F21-408D-B4D9-C424D08F39D0}.Release|Any CPU.Build.0 = Release|Any CPU
		{F8573DB4-671E-454E-B585-BC3AEEE07400}.Debug|Any CPU.ActiveCfg = Debug|Any CPU
		{F8573DB4-671E-454E-B585-BC3AEEE07400}.Debug|Any CPU.Build.0 = Debug|Any CPU
		{F8573DB4-671E-454E-B585-BC3AEEE07400}.Release|Any CPU.ActiveCfg = Release|Any CPU
		{F8573DB4-671E-454E-B585-BC3AEEE07400}.Release|Any CPU.Build.0 = Release|Any CPU
		{834EBBDD-BE39-4693-9720-DFA5A9FA2DE5}.Debug|Any CPU.ActiveCfg = Debug|Any CPU
		{834EBBDD-BE39-4693-9720-DFA5A9FA2DE5}.Debug|Any CPU.Build.0 = Debug|Any CPU
		{834EBBDD-BE39-4693-9720-DFA5A9FA2DE5}.Release|Any CPU.ActiveCfg = Release|Any CPU
		{834EBBDD-BE39-4693-9720-DFA5A9FA2DE5}.Release|Any CPU.Build.0 = Release|Any CPU
		{EE3F0F02-1283-4966-9BA5-0E01A354EA9F}.Debug|Any CPU.ActiveCfg = Debug|Any CPU
		{EE3F0F02-1283-4966-9BA5-0E01A354EA9F}.Debug|Any CPU.Build.0 = Debug|Any CPU
		{EE3F0F02-1283-4966-9BA5-0E01A354EA9F}.Release|Any CPU.ActiveCfg = Release|Any CPU
		{EE3F0F02-1283-4966-9BA5-0E01A354EA9F}.Release|Any CPU.Build.0 = Release|Any CPU
		{88B40EDC-B1D9-4084-B89B-FDA1C6B7569E}.Debug|Any CPU.ActiveCfg = Debug|Any CPU
		{88B40EDC-B1D9-4084-B89B-FDA1C6B7569E}.Debug|Any CPU.Build.0 = Debug|Any CPU
		{88B40EDC-B1D9-4084-B89B-FDA1C6B7569E}.Release|Any CPU.ActiveCfg = Release|Any CPU
		{88B40EDC-B1D9-4084-B89B-FDA1C6B7569E}.Release|Any CPU.Build.0 = Release|Any CPU
		{396DAFE2-40EA-4BB6-88BB-7125B6B5F9F8}.Debug|Any CPU.ActiveCfg = Debug|Any CPU
		{396DAFE2-40EA-4BB6-88BB-7125B6B5F9F8}.Debug|Any CPU.Build.0 = Debug|Any CPU
		{396DAFE2-40EA-4BB6-88BB-7125B6B5F9F8}.Release|Any CPU.ActiveCfg = Release|Any CPU
		{396DAFE2-40EA-4BB6-88BB-7125B6B5F9F8}.Release|Any CPU.Build.0 = Release|Any CPU
	EndGlobalSection
	GlobalSection(SolutionProperties) = preSolution
		HideSolutionNode = FALSE
	EndGlobalSection
	GlobalSection(ExtensibilityGlobals) = postSolution
		SolutionGuid = {F4715D0C-8224-4BD4-8AAE-94BDD7424FF8}
	EndGlobalSection
EndGlobal
