
Microsoft Visual Studio Solution File, Format Version 12.00
# Visual Studio Version 17
VisualStudioVersion = 17.9.34728.123
MinimumVisualStudioVersion = 10.0.40219.1
Project("{9A19103F-16F7-4668-BE54-9A1E7A4F7556}") = "02. Password", "02. Password\02. Password.csproj", "{4ADEA72B-14F0-4C0C-BCE6-33CD4A48A938}"
EndProject
Project("{9A19103F-16F7-4668-BE54-9A1E7A4F7556}") = "03. SumNumbers", "03. SumNumbers\03. SumNumbers.csproj", "{EAA67446-082C-47FE-BFAF-583C4B653370}"
EndProject
Project("{9A19103F-16F7-4668-BE54-9A1E7A4F7556}") = "04. Sequence2k+1", "04. Sequence2k+1\04. Sequence2k+1.csproj", "{7DC4DE48-88ED-44A2-8992-3E5D33C9866A}"
EndProject
Project("{9A19103F-16F7-4668-BE54-9A1E7A4F7556}") = "05. AccountBalance", "05. AccountBalance\05. AccountBalance.csproj", "{19AD9DC5-83CC-4216-A994-988C1AE30B0B}"
EndProject
Project("{9A19103F-16F7-4668-BE54-9A1E7A4F7556}") = "06. MaxNumber", "06. MaxNumber\06. MaxNumber.csproj", "{3E09C2BA-907D-4BCC-A42C-0D41AF919015}"
EndProject
Project("{9A19103F-16F7-4668-BE54-9A1E7A4F7556}") = "07. MinNumber", "07. MinNumber\07. MinNumber.csproj", "{9FED0019-E002-426D-9A27-127DF79001B6}"
EndProject
Project("{9A19103F-16F7-4668-BE54-9A1E7A4F7556}") = "08. Graduation", "08. Graduation\08. Graduation.csproj", "{33285D25-A634-4CFD-AA71-9ACBB0275D27}"
EndProject
Project("{FAE04EC0-301F-11D3-BF4B-00C04F79EFBC}") = "01. ReadText", "01. ReadText\01. ReadText.csproj", "{0DB925B6-FEC4-4AFF-BC6A-2D71D266A7C8}"
EndProject
Global
	GlobalSection(SolutionConfigurationPlatforms) = preSolution
		Debug|Any CPU = Debug|Any CPU
		Release|Any CPU = Release|Any CPU
	EndGlobalSection
	GlobalSection(ProjectConfigurationPlatforms) = postSolution
		{4ADEA72B-14F0-4C0C-BCE6-33CD4A48A938}.Debug|Any CPU.ActiveCfg = Debug|Any CPU
		{4ADEA72B-14F0-4C0C-BCE6-33CD4A48A938}.Debug|Any CPU.Build.0 = Debug|Any CPU
		{4ADEA72B-14F0-4C0C-BCE6-33CD4A48A938}.Release|Any CPU.ActiveCfg = Release|Any CPU
		{4ADEA72B-14F0-4C0C-BCE6-33CD4A48A938}.Release|Any CPU.Build.0 = Release|Any CPU
		{EAA67446-082C-47FE-BFAF-583C4B653370}.Debug|Any CPU.ActiveCfg = Debug|Any CPU
		{EAA67446-082C-47FE-BFAF-583C4B653370}.Debug|Any CPU.Build.0 = Debug|Any CPU
		{EAA67446-082C-47FE-BFAF-583C4B653370}.Release|Any CPU.ActiveCfg = Release|Any CPU
		{EAA67446-082C-47FE-BFAF-583C4B653370}.Release|Any CPU.Build.0 = Release|Any CPU
		{7DC4DE48-88ED-44A2-8992-3E5D33C9866A}.Debug|Any CPU.ActiveCfg = Debug|Any CPU
		{7DC4DE48-88ED-44A2-8992-3E5D33C9866A}.Debug|Any CPU.Build.0 = Debug|Any CPU
		{7DC4DE48-88ED-44A2-8992-3E5D33C9866A}.Release|Any CPU.ActiveCfg = Release|Any CPU
		{7DC4DE48-88ED-44A2-8992-3E5D33C9866A}.Release|Any CPU.Build.0 = Release|Any CPU
		{19AD9DC5-83CC-4216-A994-988C1AE30B0B}.Debug|Any CPU.ActiveCfg = Debug|Any CPU
		{19AD9DC5-83CC-4216-A994-988C1AE30B0B}.Debug|Any CPU.Build.0 = Debug|Any CPU
		{19AD9DC5-83CC-4216-A994-988C1AE30B0B}.Release|Any CPU.ActiveCfg = Release|Any CPU
		{19AD9DC5-83CC-4216-A994-988C1AE30B0B}.Release|Any CPU.Build.0 = Release|Any CPU
		{3E09C2BA-907D-4BCC-A42C-0D41AF919015}.Debug|Any CPU.ActiveCfg = Debug|Any CPU
		{3E09C2BA-907D-4BCC-A42C-0D41AF919015}.Debug|Any CPU.Build.0 = Debug|Any CPU
		{3E09C2BA-907D-4BCC-A42C-0D41AF919015}.Release|Any CPU.ActiveCfg = Release|Any CPU
		{3E09C2BA-907D-4BCC-A42C-0D41AF919015}.Release|Any CPU.Build.0 = Release|Any CPU
		{9FED0019-E002-426D-9A27-127DF79001B6}.Debug|Any CPU.ActiveCfg = Debug|Any CPU
		{9FED0019-E002-426D-9A27-127DF79001B6}.Debug|Any CPU.Build.0 = Debug|Any CPU
		{9FED0019-E002-426D-9A27-127DF79001B6}.Release|Any CPU.ActiveCfg = Release|Any CPU
		{9FED0019-E002-426D-9A27-127DF79001B6}.Release|Any CPU.Build.0 = Release|Any CPU
		{33285D25-A634-4CFD-AA71-9ACBB0275D27}.Debug|Any CPU.ActiveCfg = Debug|Any CPU
		{33285D25-A634-4CFD-AA71-9ACBB0275D27}.Debug|Any CPU.Build.0 = Debug|Any CPU
		{33285D25-A634-4CFD-AA71-9ACBB0275D27}.Release|Any CPU.ActiveCfg = Release|Any CPU
		{33285D25-A634-4CFD-AA71-9ACBB0275D27}.Release|Any CPU.Build.0 = Release|Any CPU
		{0DB925B6-FEC4-4AFF-BC6A-2D71D266A7C8}.Debug|Any CPU.ActiveCfg = Debug|Any CPU
		{0DB925B6-FEC4-4AFF-BC6A-2D71D266A7C8}.Debug|Any CPU.Build.0 = Debug|Any CPU
		{0DB925B6-FEC4-4AFF-BC6A-2D71D266A7C8}.Release|Any CPU.ActiveCfg = Release|Any CPU
		{0DB925B6-FEC4-4AFF-BC6A-2D71D266A7C8}.Release|Any CPU.Build.0 = Release|Any CPU
	EndGlobalSection
	GlobalSection(SolutionProperties) = preSolution
		HideSolutionNode = FALSE
	EndGlobalSection
	GlobalSection(ExtensibilityGlobals) = postSolution
		SolutionGuid = {ED16F623-6F14-4F1F-89E0-BAB0DB89EDC6}
	EndGlobalSection
EndGlobal
